// !$*UTF8*$!
{
	archiveVersion = 1;
	classes = {
	};
	objectVersion = 56;
	objects = {

/* Begin PBXBuildFile section */
		686118692B8A778A00B1FD42 /* mvvm_core_dataApp.swift in Sources */ = {isa = PBXBuildFile; fileRef = 686118682B8A778A00B1FD42 /* mvvm_core_dataApp.swift */; };
		6861186B2B8A778A00B1FD42 /* ContentView.swift in Sources */ = {isa = PBXBuildFile; fileRef = 6861186A2B8A778A00B1FD42 /* ContentView.swift */; };
		6861186D2B8A778C00B1FD42 /* Assets.xcassets in Resources */ = {isa = PBXBuildFile; fileRef = 6861186C2B8A778C00B1FD42 /* Assets.xcassets */; };
		686118702B8A778C00B1FD42 /* Preview Assets.xcassets in Resources */ = {isa = PBXBuildFile; fileRef = 6861186F2B8A778C00B1FD42 /* Preview Assets.xcassets */; };
		686118722B8A778C00B1FD42 /* Persistence.swift in Sources */ = {isa = PBXBuildFile; fileRef = 686118712B8A778C00B1FD42 /* Persistence.swift */; };
		686118752B8A778C00B1FD42 /* mvvm_core_data.xcdatamodeld in Sources */ = {isa = PBXBuildFile; fileRef = 686118732B8A778C00B1FD42 /* mvvm_core_data.xcdatamodeld */; };
		686118802B8A77FD00B1FD42 /* ViewModel.swift in Sources */ = {isa = PBXBuildFile; fileRef = 6861187F2B8A77FD00B1FD42 /* ViewModel.swift */; };
		686118822B8A786E00B1FD42 /* ButtonsView.swift in Sources */ = {isa = PBXBuildFile; fileRef = 686118812B8A786E00B1FD42 /* ButtonsView.swift */; };
		686118842B8A78AC00B1FD42 /* AnimalsView.swift in Sources */ = {isa = PBXBuildFile; fileRef = 686118832B8A78AC00B1FD42 /* AnimalsView.swift */; };
		686118862B8A7A7800B1FD42 /* CoverView.swift in Sources */ = {isa = PBXBuildFile; fileRef = 686118852B8A7A7800B1FD42 /* CoverView.swift */; };
/* End PBXBuildFile section */

/* Begin PBXFileReference section */
		686118652B8A778A00B1FD42 /* mvvm-core-data.app */ = {isa = PBXFileReference; explicitFileType = wrapper.application; includeInIndex = 0; path = "mvvm-core-data.app"; sourceTree = BUILT_PRODUCTS_DIR; };
		686118682B8A778A00B1FD42 /* mvvm_core_dataApp.swift */ = {isa = PBXFileReference; lastKnownFileType = sourcecode.swift; path = mvvm_core_dataApp.swift; sourceTree = "<group>"; };
		6861186A2B8A778A00B1FD42 /* ContentView.swift */ = {isa = PBXFileReference; lastKnownFileType = sourcecode.swift; path = ContentView.swift; sourceTree = "<group>"; };
		6861186C2B8A778C00B1FD42 /* Assets.xcassets */ = {isa = PBXFileReference; lastKnownFileType = folder.assetcatalog; path = Assets.xcassets; sourceTree = "<group>"; };
		6861186F2B8A778C00B1FD42 /* Preview Assets.xcassets */ = {isa = PBXFileReference; lastKnownFileType = folder.assetcatalog; path = "Preview Assets.xcassets"; sourceTree = "<group>"; };
		686118712B8A778C00B1FD42 /* Persistence.swift */ = {isa = PBXFileReference; lastKnownFileType = sourcecode.swift; path = Persistence.swift; sourceTree = "<group>"; };
		686118742B8A778C00B1FD42 /* mvvm_core_data.xcdatamodel */ = {isa = PBXFileReference; lastKnownFileType = wrapper.xcdatamodel; path = mvvm_core_data.xcdatamodel; sourceTree = "<group>"; };
		6861187F2B8A77FD00B1FD42 /* ViewModel.swift */ = {isa = PBXFileReference; lastKnownFileType = sourcecode.swift; path = ViewModel.swift; sourceTree = "<group>"; };
		686118812B8A786E00B1FD42 /* ButtonsView.swift */ = {isa = PBXFileReference; lastKnownFileType = sourcecode.swift; path = ButtonsView.swift; sourceTree = "<group>"; };
		686118832B8A78AC00B1FD42 /* AnimalsView.swift */ = {isa = PBXFileReference; lastKnownFileType = sourcecode.swift; path = AnimalsView.swift; sourceTree = "<group>"; };
		686118852B8A7A7800B1FD42 /* CoverView.swift */ = {isa = PBXFileReference; lastKnownFileType = sourcecode.swift; path = CoverView.swift; sourceTree = "<group>"; };
/* End PBXFileReference section */

/* Begin PBXFrameworksBuildPhase section */
		686118622B8A778A00B1FD42 /* Frameworks */ = {
			isa = PBXFrameworksBuildPhase;
			buildActionMask = 2147483647;
			files = (
			);
			runOnlyForDeploymentPostprocessing = 0;
		};
/* End PBXFrameworksBuildPhase section */

/* Begin PBXGroup section */
		6861185C2B8A778A00B1FD42 = {
			isa = PBXGroup;
			children = (
				686118672B8A778A00B1FD42 /* mvvm-core-data */,
				686118662B8A778A00B1FD42 /* Products */,
			);
			sourceTree = "<group>";
		};
		686118662B8A778A00B1FD42 /* Products */ = {
			isa = PBXGroup;
			children = (
				686118652B8A778A00B1FD42 /* mvvm-core-data.app */,
			);
			name = Products;
			sourceTree = "<group>";
		};
		686118672B8A778A00B1FD42 /* mvvm-core-data */ = {
			isa = PBXGroup;
			children = (
				6861187C2B8A77DC00B1FD42 /* App */,
				6861187E2B8A77EF00B1FD42 /* ViewModel */,
				6861187D2B8A77E600B1FD42 /* Model */,
				6861187B2B8A77D500B1FD42 /* View */,
				6861186C2B8A778C00B1FD42 /* Assets.xcassets */,
				6861186E2B8A778C00B1FD42 /* Preview Content */,
			);
			path = "mvvm-core-data";
			sourceTree = "<group>";
		};
		6861186E2B8A778C00B1FD42 /* Preview Content */ = {
			isa = PBXGroup;
			children = (
				6861186F2B8A778C00B1FD42 /* Preview Assets.xcassets */,
			);
			path = "Preview Content";
			sourceTree = "<group>";
		};
		6861187B2B8A77D500B1FD42 /* View */ = {
			isa = PBXGroup;
			children = (
				6861186A2B8A778A00B1FD42 /* ContentView.swift */,
				686118812B8A786E00B1FD42 /* ButtonsView.swift */,
				686118832B8A78AC00B1FD42 /* AnimalsView.swift */,
				686118852B8A7A7800B1FD42 /* CoverView.swift */,
			);
			path = View;
			sourceTree = "<group>";
		};
		6861187C2B8A77DC00B1FD42 /* App */ = {
			isa = PBXGroup;
			children = (
				686118682B8A778A00B1FD42 /* mvvm_core_dataApp.swift */,
			);
			path = App;
			sourceTree = "<group>";
		};
		6861187D2B8A77E600B1FD42 /* Model */ = {
			isa = PBXGroup;
			children = (
				686118732B8A778C00B1FD42 /* mvvm_core_data.xcdatamodeld */,
				686118712B8A778C00B1FD42 /* Persistence.swift */,
			);
			path = Model;
			sourceTree = "<group>";
		};
		6861187E2B8A77EF00B1FD42 /* ViewModel */ = {
			isa = PBXGroup;
			children = (
				6861187F2B8A77FD00B1FD42 /* ViewModel.swift */,
			);
			path = ViewModel;
			sourceTree = "<group>";
		};
/* End PBXGroup section */

/* Begin PBXNativeTarget section */
		686118642B8A778A00B1FD42 /* mvvm-core-data */ = {
			isa = PBXNativeTarget;
			buildConfigurationList = 686118782B8A778C00B1FD42 /* Build configuration list for PBXNativeTarget "mvvm-core-data" */;
			buildPhases = (
				686118612B8A778A00B1FD42 /* Sources */,
				686118622B8A778A00B1FD42 /* Frameworks */,
				686118632B8A778A00B1FD42 /* Resources */,
			);
			buildRules = (
			);
			dependencies = (
			);
			name = "mvvm-core-data";
			productName = "mvvm-core-data";
			productReference = 686118652B8A778A00B1FD42 /* mvvm-core-data.app */;
			productType = "com.apple.product-type.application";
		};
/* End PBXNativeTarget section */

/* Begin PBXProject section */
		6861185D2B8A778A00B1FD42 /* Project object */ = {
			isa = PBXProject;
			attributes = {
				BuildIndependentTargetsInParallel = 1;
				LastSwiftUpdateCheck = 1520;
				LastUpgradeCheck = 1520;
				TargetAttributes = {
					686118642B8A778A00B1FD42 = {
						CreatedOnToolsVersion = 15.2;
					};
				};
			};
			buildConfigurationList = 686118602B8A778A00B1FD42 /* Build configuration list for PBXProject "mvvm-core-data" */;
			compatibilityVersion = "Xcode 14.0";
			developmentRegion = en;
			hasScannedForEncodings = 0;
			knownRegions = (
				en,
				Base,
			);
			mainGroup = 6861185C2B8A778A00B1FD42;
			productRefGroup = 686118662B8A778A00B1FD42 /* Products */;
			projectDirPath = "";
			projectRoot = "";
			targets = (
				686118642B8A778A00B1FD42 /* mvvm-core-data */,
			);
		};
/* End PBXProject section */

/* Begin PBXResourcesBuildPhase section */
		686118632B8A778A00B1FD42 /* Resources */ = {
			isa = PBXResourcesBuildPhase;
			buildActionMask = 2147483647;
			files = (
				686118702B8A778C00B1FD42 /* Preview Assets.xcassets in Resources */,
				6861186D2B8A778C00B1FD42 /* Assets.xcassets in Resources */,
			);
			runOnlyForDeploymentPostprocessing = 0;
		};
/* End PBXResourcesBuildPhase section */

/* Begin PBXSourcesBuildPhase section */
		686118612B8A778A00B1FD42 /* Sources */ = {
			isa = PBXSourcesBuildPhase;
			buildActionMask = 2147483647;
			files = (
				686118822B8A786E00B1FD42 /* ButtonsView.swift in Sources */,
				686118802B8A77FD00B1FD42 /* ViewModel.swift in Sources */,
				686118722B8A778C00B1FD42 /* Persistence.swift in Sources */,
				6861186B2B8A778A00B1FD42 /* ContentView.swift in Sources */,
				686118862B8A7A7800B1FD42 /* CoverView.swift in Sources */,
				686118752B8A778C00B1FD42 /* mvvm_core_data.xcdatamodeld in Sources */,
				686118842B8A78AC00B1FD42 /* AnimalsView.swift in Sources */,
				686118692B8A778A00B1FD42 /* mvvm_core_dataApp.swift in Sources */,
			);
			runOnlyForDeploymentPostprocessing = 0;
		};
/* End PBXSourcesBuildPhase section */

/* Begin XCBuildConfiguration section */
		686118762B8A778C00B1FD42 /* Debug */ = {
			isa = XCBuildConfiguration;
			buildSettings = {
				ALWAYS_SEARCH_USER_PATHS = NO;
				ASSETCATALOG_COMPILER_GENERATE_SWIFT_ASSET_SYMBOL_EXTENSIONS = YES;
				CLANG_ANALYZER_NONNULL = YES;
				CLANG_ANALYZER_NUMBER_OBJECT_CONVERSION = YES_AGGRESSIVE;
				CLANG_CXX_LANGUAGE_STANDARD = "gnu++20";
				CLANG_ENABLE_MODULES = YES;
				CLANG_ENABLE_OBJC_ARC = YES;
				CLANG_ENABLE_OBJC_WEAK = YES;
				CLANG_WARN_BLOCK_CAPTURE_AUTORELEASING = YES;
				CLANG_WARN_BOOL_CONVERSION = YES;
				CLANG_WARN_COMMA = YES;
				CLANG_WARN_CONSTANT_CONVERSION = YES;
				CLANG_WARN_DEPRECATED_OBJC_IMPLEMENTATIONS = YES;
				CLANG_WARN_DIRECT_OBJC_ISA_USAGE = YES_ERROR;
				CLANG_WARN_DOCUMENTATION_COMMENTS = YES;
				CLANG_WARN_EMPTY_BODY = YES;
				CLANG_WARN_ENUM_CONVERSION = YES;
				CLANG_WARN_INFINITE_RECURSION = YES;
				CLANG_WARN_INT_CONVERSION = YES;
				CLANG_WARN_NON_LITERAL_NULL_CONVERSION = YES;
				CLANG_WARN_OBJC_IMPLICIT_RETAIN_SELF = YES;
				CLANG_WARN_OBJC_LITERAL_CONVERSION = YES;
				CLANG_WARN_OBJC_ROOT_CLASS = YES_ERROR;
				CLANG_WARN_QUOTED_INCLUDE_IN_FRAMEWORK_HEADER = YES;
				CLANG_WARN_RANGE_LOOP_ANALYSIS = YES;
				CLANG_WARN_STRICT_PROTOTYPES = YES;
				CLANG_WARN_SUSPICIOUS_MOVE = YES;
				CLANG_WARN_UNGUARDED_AVAILABILITY = YES_AGGRESSIVE;
				CLANG_WARN_UNREACHABLE_CODE = YES;
				CLANG_WARN__DUPLICATE_METHOD_MATCH = YES;
				COPY_PHASE_STRIP = NO;
				DEBUG_INFORMATION_FORMAT = dwarf;
				ENABLE_STRICT_OBJC_MSGSEND = YES;
				ENABLE_TESTABILITY = YES;
				ENABLE_USER_SCRIPT_SANDBOXING = YES;
				GCC_C_LANGUAGE_STANDARD = gnu17;
				GCC_DYNAMIC_NO_PIC = NO;
				GCC_NO_COMMON_BLOCKS = YES;
				GCC_OPTIMIZATION_LEVEL = 0;
				GCC_PREPROCESSOR_DEFINITIONS = (
					"DEBUG=1",
					"$(inherited)",
				);
				GCC_WARN_64_TO_32_BIT_CONVERSION = YES;
				GCC_WARN_ABOUT_RETURN_TYPE = YES_ERROR;
				GCC_WARN_UNDECLARED_SELECTOR = YES;
				GCC_WARN_UNINITIALIZED_AUTOS = YES_AGGRESSIVE;
				GCC_WARN_UNUSED_FUNCTION = YES;
				GCC_WARN_UNUSED_VARIABLE = YES;
				IPHONEOS_DEPLOYMENT_TARGET = 17.2;
				LOCALIZATION_PREFERS_STRING_CATALOGS = YES;
				MTL_ENABLE_DEBUG_INFO = INCLUDE_SOURCE;
				MTL_FAST_MATH = YES;
				ONLY_ACTIVE_ARCH = YES;
				SDKROOT = iphoneos;
				SWIFT_ACTIVE_COMPILATION_CONDITIONS = "DEBUG $(inherited)";
				SWIFT_OPTIMIZATION_LEVEL = "-Onone";
			};
			name = Debug;
		};
		686118772B8A778C00B1FD42 /* Release */ = {
			isa = XCBuildConfiguration;
			buildSettings = {
				ALWAYS_SEARCH_USER_PATHS = NO;
				ASSETCATALOG_COMPILER_GENERATE_SWIFT_ASSET_SYMBOL_EXTENSIONS = YES;
				CLANG_ANALYZER_NONNULL = YES;
				CLANG_ANALYZER_NUMBER_OBJECT_CONVERSION = YES_AGGRESSIVE;
				CLANG_CXX_LANGUAGE_STANDARD = "gnu++20";
				CLANG_ENABLE_MODULES = YES;
				CLANG_ENABLE_OBJC_ARC = YES;
				CLANG_ENABLE_OBJC_WEAK = YES;
				CLANG_WARN_BLOCK_CAPTURE_AUTORELEASING = YES;
				CLANG_WARN_BOOL_CONVERSION = YES;
				CLANG_WARN_COMMA = YES;
				CLANG_WARN_CONSTANT_CONVERSION = YES;
				CLANG_WARN_DEPRECATED_OBJC_IMPLEMENTATIONS = YES;
				CLANG_WARN_DIRECT_OBJC_ISA_USAGE = YES_ERROR;
				CLANG_WARN_DOCUMENTATION_COMMENTS = YES;
				CLANG_WARN_EMPTY_BODY = YES;
				CLANG_WARN_ENUM_CONVERSION = YES;
				CLANG_WARN_INFINITE_RECURSION = YES;
				CLANG_WARN_INT_CONVERSION = YES;
				CLANG_WARN_NON_LITERAL_NULL_CONVERSION = YES;
				CLANG_WARN_OBJC_IMPLICIT_RETAIN_SELF = YES;
				CLANG_WARN_OBJC_LITERAL_CONVERSION = YES;
				CLANG_WARN_OBJC_ROOT_CLASS = YES_ERROR;
				CLANG_WARN_QUOTED_INCLUDE_IN_FRAMEWORK_HEADER = YES;
				CLANG_WARN_RANGE_LOOP_ANALYSIS = YES;
				CLANG_WARN_STRICT_PROTOTYPES = YES;
				CLANG_WARN_SUSPICIOUS_MOVE = YES;
				CLANG_WARN_UNGUARDED_AVAILABILITY = YES_AGGRESSIVE;
				CLANG_WARN_UNREACHABLE_CODE = YES;
				CLANG_WARN__DUPLICATE_METHOD_MATCH = YES;
				COPY_PHASE_STRIP = NO;
				DEBUG_INFORMATION_FORMAT = "dwarf-with-dsym";
				ENABLE_NS_ASSERTIONS = NO;
				ENABLE_STRICT_OBJC_MSGSEND = YES;
				ENABLE_USER_SCRIPT_SANDBOXING = YES;
				GCC_C_LANGUAGE_STANDARD = gnu17;
				GCC_NO_COMMON_BLOCKS = YES;
				GCC_WARN_64_TO_32_BIT_CONVERSION = YES;
				GCC_WARN_ABOUT_RETURN_TYPE = YES_ERROR;
				GCC_WARN_UNDECLARED_SELECTOR = YES;
				GCC_WARN_UNINITIALIZED_AUTOS = YES_AGGRESSIVE;
				GCC_WARN_UNUSED_FUNCTION = YES;
				GCC_WARN_UNUSED_VARIABLE = YES;
				IPHONEOS_DEPLOYMENT_TARGET = 17.2;
				LOCALIZATION_PREFERS_STRING_CATALOGS = YES;
				MTL_ENABLE_DEBUG_INFO = NO;
				MTL_FAST_MATH = YES;
				SDKROOT = iphoneos;
				SWIFT_COMPILATION_MODE = wholemodule;
				VALIDATE_PRODUCT = YES;
			};
			name = Release;
		};
		686118792B8A778C00B1FD42 /* Debug */ = {
			isa = XCBuildConfiguration;
			buildSettings = {
				ASSETCATALOG_COMPILER_APPICON_NAME = AppIcon;
				ASSETCATALOG_COMPILER_GLOBAL_ACCENT_COLOR_NAME = AccentColor;
				CODE_SIGN_STYLE = Automatic;
				CURRENT_PROJECT_VERSION = 1;
				DEVELOPMENT_ASSET_PATHS = "\"mvvm-core-data/Preview Content\"";
				DEVELOPMENT_TEAM = BD28H7LZTR;
				ENABLE_PREVIEWS = YES;
				GENERATE_INFOPLIST_FILE = YES;
				INFOPLIST_KEY_UIApplicationSceneManifest_Generation = YES;
				INFOPLIST_KEY_UIApplicationSupportsIndirectInputEvents = YES;
				INFOPLIST_KEY_UILaunchScreen_Generation = YES;
				INFOPLIST_KEY_UISupportedInterfaceOrientations_iPad = "UIInterfaceOrientationPortrait UIInterfaceOrientationPortraitUpsideDown UIInterfaceOrientationLandscapeLeft UIInterfaceOrientationLandscapeRight";
				INFOPLIST_KEY_UISupportedInterfaceOrientations_iPhone = "UIInterfaceOrientationPortrait UIInterfaceOrientationLandscapeLeft UIInterfaceOrientationLandscapeRight";
				LD_RUNPATH_SEARCH_PATHS = (
					"$(inherited)",
					"@executable_path/Frameworks",
				);
				MARKETING_VERSION = 1.0;
				PRODUCT_BUNDLE_IDENTIFIER = "com.qimachine.apps.mvvm-core-data";
				PRODUCT_NAME = "$(TARGET_NAME)";
				SWIFT_EMIT_LOC_STRINGS = YES;
				SWIFT_VERSION = 5.0;
				TARGETED_DEVICE_FAMILY = "1,2";
			};
			name = Debug;
		};
		6861187A2B8A778C00B1FD42 /* Release */ = {
			isa = XCBuildConfiguration;
			buildSettings = {
				ASSETCATALOG_COMPILER_APPICON_NAME = AppIcon;
				ASSETCATALOG_COMPILER_GLOBAL_ACCENT_COLOR_NAME = AccentColor;
				CODE_SIGN_STYLE = Automatic;
				CURRENT_PROJECT_VERSION = 1;
				DEVELOPMENT_ASSET_PATHS = "\"mvvm-core-data/Preview Content\"";
				DEVELOPMENT_TEAM = BD28H7LZTR;
				ENABLE_PREVIEWS = YES;
				GENERATE_INFOPLIST_FILE = YES;
				INFOPLIST_KEY_UIApplicationSceneManifest_Generation = YES;
				INFOPLIST_KEY_UIApplicationSupportsIndirectInputEvents = YES;
				INFOPLIST_KEY_UILaunchScreen_Generation = YES;
				INFOPLIST_KEY_UISupportedInterfaceOrientations_iPad = "UIInterfaceOrientationPortrait UIInterfaceOrientationPortraitUpsideDown UIInterfaceOrientationLandscapeLeft UIInterfaceOrientationLandscapeRight";
				INFOPLIST_KEY_UISupportedInterfaceOrientations_iPhone = "UIInterfaceOrientationPortrait UIInterfaceOrientationLandscapeLeft UIInterfaceOrientationLandscapeRight";
				LD_RUNPATH_SEARCH_PATHS = (
					"$(inherited)",
					"@executable_path/Frameworks",
				);
				MARKETING_VERSION = 1.0;
				PRODUCT_BUNDLE_IDENTIFIER = "com.qimachine.apps.mvvm-core-data";
				PRODUCT_NAME = "$(TARGET_NAME)";
				SWIFT_EMIT_LOC_STRINGS = YES;
				SWIFT_VERSION = 5.0;
				TARGETED_DEVICE_FAMILY = "1,2";
			};
			name = Release;
		};
/* End XCBuildConfiguration section */

/* Begin XCConfigurationList section */
		686118602B8A778A00B1FD42 /* Build configuration list for PBXProject "mvvm-core-data" */ = {
			isa = XCConfigurationList;
			buildConfigurations = (
				686118762B8A778C00B1FD42 /* Debug */,
				686118772B8A778C00B1FD42 /* Release */,
			);
			defaultConfigurationIsVisible = 0;
			defaultConfigurationName = Release;
		};
		686118782B8A778C00B1FD42 /* Build configuration list for PBXNativeTarget "mvvm-core-data" */ = {
			isa = XCConfigurationList;
			buildConfigurations = (
				686118792B8A778C00B1FD42 /* Debug */,
				6861187A2B8A778C00B1FD42 /* Release */,
			);
			defaultConfigurationIsVisible = 0;
			defaultConfigurationName = Release;
		};
/* End XCConfigurationList section */

/* Begin XCVersionGroup section */
		686118732B8A778C00B1FD42 /* mvvm_core_data.xcdatamodeld */ = {
			isa = XCVersionGroup;
			children = (
				686118742B8A778C00B1FD42 /* mvvm_core_data.xcdatamodel */,
			);
			currentVersion = 686118742B8A778C00B1FD42 /* mvvm_core_data.xcdatamodel */;
			path = mvvm_core_data.xcdatamodeld;
			sourceTree = "<group>";
			versionGroupType = wrapper.xcdatamodel;
		};
/* End XCVersionGroup section */
	};
	rootObject = 6861185D2B8A778A00B1FD42 /* Project object */;
}
